lockfile_version: '1'
generated_at: '2026-07-21T11:10:42.806985+00:00'
dependencies: []
deployments:
- kind: project-relative
  target: agents
  value: .agents/skills/service-plane
  runtime: null
  scope: project
  owners:
  - .
  active_owner: .
  content_hash: null
- kind: project-relative
  target: agents
  value: .agents/skills/service-plane/SKILL.md
  runtime: null
  scope: project
  owners:
  - .
  active_owner: .
  content_hash: sha256:27d6ed571b5f315dd69775fc99c58165062b6165471810706d09ad8623915c65
- kind: project-relative
  target: agents
  value: .agents/skills/service-plane/references/architecture.md
  runtime: null
  scope: project
  owners:
  - .
  active_owner: .
  content_hash: sha256:e0a0ecfc53e4ece2961ddc5d676bded3e1226101d0be891acec37268afdd433c
- kind: project-relative
  target: agents
  value: .agents/skills/service-plane/references/auth.md
  runtime: null
  scope: project
  owners:
  - .
  active_owner: .
  content_hash: sha256:52496dfafd4acf18d3e1dcc12e11e8960d767374d8ac6035a6643127ca701830
- kind: project-relative
  target: agents
  value: .agents/skills/service-plane/references/cloudflare.md
  runtime: null
  scope: project
  owners:
  - .
  active_owner: .
  content_hash: sha256:e260ce7355de900e2682ceecfef40f6f9ba3d1a1e77ea0ecf018727c296ef0bc
- kind: project-relative
  target: agents
  value: .agents/skills/service-plane/references/nodejs.md
  runtime: null
  scope: project
  owners:
  - .
  active_owner: .
  content_hash: sha256:7d80de199b61d598b3a7a6216e276f411dae6ab9e431d59936c4afe465a6ef69
- kind: project-relative
  target: agents
  value: .agents/skills/service-plane/references/openapi-mcp.md
  runtime: null
  scope: project
  owners:
  - .
  active_owner: .
  content_hash: sha256:7c2d10dfc79464625a0a504f5b7edfeb48ebf6457fca65c4ff8bb766527cf136
- kind: project-relative
  target: agents
  value: .agents/skills/service-plane/references/plane-creation.md
  runtime: null
  scope: project
  owners:
  - .
  active_owner: .
  content_hash: sha256:719fd74ede7816d2c2dcbf99fc3e0c6307165328cfc24f9c101b6e0afecf0616
- kind: project-relative
  target: agents
  value: .agents/skills/service-plane/references/reference.md
  runtime: null
  scope: project
  owners:
  - .
  active_owner: .
  content_hash: sha256:8a3cbc7a55fa39779aa2c71f34d6caf4e4e5e38e02c2e3e4345735b7917bfe25
- kind: project-relative
  target: agents
  value: .agents/skills/service-plane/references/service-creation.md
  runtime: null
  scope: project
  owners:
  - .
  active_owner: .
  content_hash: sha256:75a863f1b6ffac5ac5e916f6fceceb4c6197dd590a60c3b79588f2417d8f0333
- kind: project-relative
  target: claude
  value: .claude/skills/service-plane
  runtime: null
  scope: project
  owners:
  - .
  active_owner: .
  content_hash: null
- kind: project-relative
  target: claude
  value: .claude/skills/service-plane/SKILL.md
  runtime: null
  scope: project
  owners:
  - .
  active_owner: .
  content_hash: sha256:27d6ed571b5f315dd69775fc99c58165062b6165471810706d09ad8623915c65
- kind: project-relative
  target: claude
  value: .claude/skills/service-plane/references/architecture.md
  runtime: null
  scope: project
  owners:
  - .
  active_owner: .
  content_hash: sha256:e0a0ecfc53e4ece2961ddc5d676bded3e1226101d0be891acec37268afdd433c
- kind: project-relative
  target: claude
  value: .claude/skills/service-plane/references/auth.md
  runtime: null
  scope: project
  owners:
  - .
  active_owner: .
  content_hash: sha256:52496dfafd4acf18d3e1dcc12e11e8960d767374d8ac6035a6643127ca701830
- kind: project-relative
  target: claude
  value: .claude/skills/service-plane/references/cloudflare.md
  runtime: null
  scope: project
  owners:
  - .
  active_owner: .
  content_hash: sha256:e260ce7355de900e2682ceecfef40f6f9ba3d1a1e77ea0ecf018727c296ef0bc
- kind: project-relative
  target: claude
  value: .claude/skills/service-plane/references/nodejs.md
  runtime: null
  scope: project
  owners:
  - .
  active_owner: .
  content_hash: sha256:7d80de199b61d598b3a7a6216e276f411dae6ab9e431d59936c4afe465a6ef69
- kind: project-relative
  target: claude
  value: .claude/skills/service-plane/references/openapi-mcp.md
  runtime: null
  scope: project
  owners:
  - .
  active_owner: .
  content_hash: sha256:7c2d10dfc79464625a0a504f5b7edfeb48ebf6457fca65c4ff8bb766527cf136
- kind: project-relative
  target: claude
  value: .claude/skills/service-plane/references/plane-creation.md
  runtime: null
  scope: project
  owners:
  - .
  active_owner: .
  content_hash: sha256:719fd74ede7816d2c2dcbf99fc3e0c6307165328cfc24f9c101b6e0afecf0616
- kind: project-relative
  target: claude
  value: .claude/skills/service-plane/references/reference.md
  runtime: null
  scope: project
  owners:
  - .
  active_owner: .
  content_hash: sha256:8a3cbc7a55fa39779aa2c71f34d6caf4e4e5e38e02c2e3e4345735b7917bfe25
- kind: project-relative
  target: claude
  value: .claude/skills/service-plane/references/service-creation.md
  runtime: null
  scope: project
  owners:
  - .
  active_owner: .
  content_hash: sha256:75a863f1b6ffac5ac5e916f6fceceb4c6197dd590a60c3b79588f2417d8f0333
local_deployed_files:
- .agents/skills/service-plane
- .agents/skills/service-plane/SKILL.md
- .agents/skills/service-plane/references/architecture.md
- .agents/skills/service-plane/references/auth.md
- .agents/skills/service-plane/references/cloudflare.md
- .agents/skills/service-plane/references/nodejs.md
- .agents/skills/service-plane/references/openapi-mcp.md
- .agents/skills/service-plane/references/plane-creation.md
- .agents/skills/service-plane/references/reference.md
- .agents/skills/service-plane/references/service-creation.md
- .claude/skills/service-plane
- .claude/skills/service-plane/SKILL.md
- .claude/skills/service-plane/references/architecture.md
- .claude/skills/service-plane/references/auth.md
- .claude/skills/service-plane/references/cloudflare.md
- .claude/skills/service-plane/references/nodejs.md
- .claude/skills/service-plane/references/openapi-mcp.md
- .claude/skills/service-plane/references/plane-creation.md
- .claude/skills/service-plane/references/reference.md
- .claude/skills/service-plane/references/service-creation.md
local_deployed_file_hashes:
  .agents/skills/service-plane/SKILL.md: sha256:27d6ed571b5f315dd69775fc99c58165062b6165471810706d09ad8623915c65
  .agents/skills/service-plane/references/architecture.md: sha256:e0a0ecfc53e4ece2961ddc5d676bded3e1226101d0be891acec37268afdd433c
  .agents/skills/service-plane/references/auth.md: sha256:52496dfafd4acf18d3e1dcc12e11e8960d767374d8ac6035a6643127ca701830
  .agents/skills/service-plane/references/cloudflare.md: sha256:e260ce7355de900e2682ceecfef40f6f9ba3d1a1e77ea0ecf018727c296ef0bc
  .agents/skills/service-plane/references/nodejs.md: sha256:7d80de199b61d598b3a7a6216e276f411dae6ab9e431d59936c4afe465a6ef69
  .agents/skills/service-plane/references/openapi-mcp.md: sha256:7c2d10dfc79464625a0a504f5b7edfeb48ebf6457fca65c4ff8bb766527cf136
  .agents/skills/service-plane/references/plane-creation.md: sha256:719fd74ede7816d2c2dcbf99fc3e0c6307165328cfc24f9c101b6e0afecf0616
  .agents/skills/service-plane/references/reference.md: sha256:8a3cbc7a55fa39779aa2c71f34d6caf4e4e5e38e02c2e3e4345735b7917bfe25
  .agents/skills/service-plane/references/service-creation.md: sha256:75a863f1b6ffac5ac5e916f6fceceb4c6197dd590a60c3b79588f2417d8f0333
  .claude/skills/service-plane/SKILL.md: sha256:27d6ed571b5f315dd69775fc99c58165062b6165471810706d09ad8623915c65
  .claude/skills/service-plane/references/architecture.md: sha256:e0a0ecfc53e4ece2961ddc5d676bded3e1226101d0be891acec37268afdd433c
  .claude/skills/service-plane/references/auth.md: sha256:52496dfafd4acf18d3e1dcc12e11e8960d767374d8ac6035a6643127ca701830
  .claude/skills/service-plane/references/cloudflare.md: sha256:e260ce7355de900e2682ceecfef40f6f9ba3d1a1e77ea0ecf018727c296ef0bc
  .claude/skills/service-plane/references/nodejs.md: sha256:7d80de199b61d598b3a7a6216e276f411dae6ab9e431d59936c4afe465a6ef69
  .claude/skills/service-plane/references/openapi-mcp.md: sha256:7c2d10dfc79464625a0a504f5b7edfeb48ebf6457fca65c4ff8bb766527cf136
  .claude/skills/service-plane/references/plane-creation.md: sha256:719fd74ede7816d2c2dcbf99fc3e0c6307165328cfc24f9c101b6e0afecf0616
  .claude/skills/service-plane/references/reference.md: sha256:8a3cbc7a55fa39779aa2c71f34d6caf4e4e5e38e02c2e3e4345735b7917bfe25
  .claude/skills/service-plane/references/service-creation.md: sha256:75a863f1b6ffac5ac5e916f6fceceb4c6197dd590a60c3b79588f2417d8f0333
